
Microsoft Visual Studio Solution File, Format Version 12.00
# Visual Studio Version 17
VisualStudioVersion = 17.10.35004.147
MinimumVisualStudioVersion = 10.0.40219.1
Project("{FAE04EC0-301F-11D3-BF4B-00C04F79EFBC}") = "RoutingMiddleWareProject", "RoutingMiddleWareProject\RoutingMiddleWareProject.csproj", "{EBDAC6F4-861D-47A2-980F-CE0048E99370}"
EndProject
Global
	GlobalSection(SolutionConfigurationPlatforms) = preSolution
		Debug|Any CPU = Debug|Any CPU
		Release|Any CPU = Release|Any CPU
	EndGlobalSection
	GlobalSection(ProjectConfigurationPlatforms) = postSolution
		{EBDAC6F4-861D-47A2-980F-CE0048E99370}.Debug|Any CPU.ActiveCfg = Debug|Any CPU
		{EBDAC6F4-861D-47A2-980F-CE0048E99370}.Debug|Any CPU.Build.0 = Debug|Any CPU
		{EBDAC6F4-861D-47A2-980F-CE0048E99370}.Release|Any CPU.ActiveCfg = Release|Any CPU
		{EBDAC6F4-861D-47A2-980F-CE0048E99370}.Release|Any CPU.Build.0 = Release|Any CPU
	EndGlobalSection
	GlobalSection(SolutionProperties) = preSolution
		HideSolutionNode = FALSE
	EndGlobalSection
	GlobalSection(ExtensibilityGlobals) = postSolution
		SolutionGuid = {156C0D44-8D44-40E5-992D-FCF739E805E9}
	EndGlobalSection
EndGlobal
